
Microsoft Visual Studio Solution File, Format Version 12.00
# Visual Studio 2012
Project("{FAE04EC0-301F-11D3-BF4B-00C04F79EFBC}") = "Turtleexercice", "Turtleexercice.csproj", "{2DA2320D-6ACD-4282-BE59-2879EF656267}"
EndProject
Global
	GlobalSection(SolutionConfigurationPlatforms) = preSolution
		Debug|x86 = Debug|x86
		Release|x86 = Release|x86
	EndGlobalSection
	GlobalSection(ProjectConfigurationPlatforms) = postSolution
		{2DA2320D-6ACD-4282-BE59-2879EF656267}.Debug|x86.ActiveCfg = Debug|x86
		{2DA2320D-6ACD-4282-BE59-2879EF656267}.Debug|x86.Build.0 = Debug|x86
		{2DA2320D-6ACD-4282-BE59-2879EF656267}.Release|x86.ActiveCfg = Release|x86
		{2DA2320D-6ACD-4282-BE59-2879EF656267}.Release|x86.Build.0 = Release|x86
	EndGlobalSection
EndGlobal
